{
  "name": "eslint-plugin-todo-plz-tester",
  "lockfileVersion": 2,
  "requires": true,
  "packages": {
    "": {
      "name": "eslint-plugin-todo-plz-tester",
      "dependencies": {
        "eslint-plugin-todo-plz": "file:../.."
      },
      "engines": {
        "node": ">=12"
      }
    },
    "../..": {
      "version": "1.2.1",
      "license": "MIT",
      "devDependencies": {
        "eslint": "^8.23.0",
        "mocha": "^10.0.0"
      },
      "engines": {
        "node": ">=12"
      },
      "peerDependencies": {
        "eslint": ">=7.3.0"
      }
    },
    "node_modules/eslint-plugin-todo-plz": {
      "resolved": "../..",
      "link": true
    }
  },
  "dependencies": {
    "eslint-plugin-todo-plz": {
      "version": "file:../..",
      "requires": {
        "eslint": "^8.23.0",
        "mocha": "^10.0.0"
      }
    }
  }
}
